
Microsoft Visual Studio Solution File, Format Version 12.00
# Visual Studio Version 17
VisualStudioVersion = 17.9.34728.123
MinimumVisualStudioVersion = 10.0.40219.1
Project("{FAE04EC0-301F-11D3-BF4B-00C04F79EFBC}") = "EcommerceApp", "EcommerceApp\EcommerceApp.csproj", "{554D4DEC-75CE-4641-BE87-2DFED682423B}"
EndProject
Project("{FAE04EC0-301F-11D3-BF4B-00C04F79EFBC}") = "EcommerceApp.nUnitTests", "Product.nunitTests\EcommerceApp.nUnitTests.csproj", "{972CA83B-C57C-4C04-B7B7-4ACCDEFE6748}"
EndProject
Global
	GlobalSection(SolutionConfigurationPlatforms) = preSolution
		Debug|Any CPU = Debug|Any CPU
		Release|Any CPU = Release|Any CPU
	EndGlobalSection
	GlobalSection(ProjectConfigurationPlatforms) = postSolution
		{554D4DEC-75CE-4641-BE87-2DFED682423B}.Debug|Any CPU.ActiveCfg = Debug|Any CPU
		{554D4DEC-75CE-4641-BE87-2DFED682423B}.Debug|Any CPU.Build.0 = Debug|Any CPU
		{554D4DEC-75CE-4641-BE87-2DFED682423B}.Release|Any CPU.ActiveCfg = Release|Any CPU
		{554D4DEC-75CE-4641-BE87-2DFED682423B}.Release|Any CPU.Build.0 = Release|Any CPU
		{972CA83B-C57C-4C04-B7B7-4ACCDEFE6748}.Debug|Any CPU.ActiveCfg = Debug|Any CPU
		{972CA83B-C57C-4C04-B7B7-4ACCDEFE6748}.Debug|Any CPU.Build.0 = Debug|Any CPU
		{972CA83B-C57C-4C04-B7B7-4ACCDEFE6748}.Release|Any CPU.ActiveCfg = Release|Any CPU
		{972CA83B-C57C-4C04-B7B7-4ACCDEFE6748}.Release|Any CPU.Build.0 = Release|Any CPU
	EndGlobalSection
	GlobalSection(SolutionProperties) = preSolution
		HideSolutionNode = FALSE
	EndGlobalSection
	GlobalSection(ExtensibilityGlobals) = postSolution
		SolutionGuid = {6FC055EF-61C7-4F20-9D28-749AE6274C94}
	EndGlobalSection
EndGlobal
